<?xml version="1.0" encoding="utf-8"?>
<Project ToolsVersion="4.0" xmlns="http://schemas.microsoft.com/developer/msbuild/2003">
  <ItemGroup>
    <ClInclude Include="PreCompile.h">
      <Filter>PreCompile</Filter>
    </ClInclude>
    <ClInclude Include="ContentsCore.h">
      <Filter>Core</Filter>
    </ClInclude>
    <ClInclude Include="Yoshi.h">
      <Filter>Contents\Global\Yoshi</Filter>
    </ClInclude>
    <ClInclude Include="YoshiCollision.h">
      <Filter>Contents\Global\Yoshi</Filter>
    </ClInclude>
    <ClInclude Include="YoshiState.h">
      <Filter>Contents\Global\Yoshi</Filter>
    </ClInclude>
    <ClInclude Include="Title.h">
      <Filter>Contents\Level</Filter>
    </ClInclude>
    <ClInclude Include="TitleGameMode.h">
      <Filter>Contents\GameMode</Filter>
    </ClInclude>
    <ClInclude Include="Select.h">
      <Filter>Contents\Level</Filter>
    </ClInclude>
    <ClInclude Include="SelectGameMode.h">
      <Filter>Contents\GameMode</Filter>
    </ClInclude>
    <ClInclude Include="Stage100GameMode.h">
      <Filter>Contents\GameMode\Stage100</Filter>
    </ClInclude>
    <ClInclude Include="Stage100.h">
      <Filter>Contents\Level\Stage100</Filter>
    </ClInclude>
    <ClInclude Include="Stage101.h">
      <Filter>Contents\Level\Stage100</Filter>
    </ClInclude>
    <ClInclude Include="Stage101GameMode.h">
      <Filter>Contents\GameMode\Stage100</Filter>
    </ClInclude>
    <ClInclude Include="ContentsEnum.h">
      <Filter>Global</Filter>
    </ClInclude>
    <ClInclude Include="Stage102.h">
      <Filter>Contents\Level\Stage100</Filter>
    </ClInclude>
    <ClInclude Include="Stage102GameMode.h">
      <Filter>Contents\GameMode\Stage100</Filter>
    </ClInclude>
  </ItemGroup>
  <ItemGroup>
    <ClCompile Include="PreCompile.cpp">
      <Filter>PreCompile</Filter>
    </ClCompile>
    <ClCompile Include="ContentsCore.cpp">
      <Filter>Core</Filter>
    </ClCompile>
    <ClCompile Include="Yoshi.cpp">
      <Filter>Contents\Global\Yoshi</Filter>
    </ClCompile>
    <ClCompile Include="YoshiCollision.cpp">
      <Filter>Contents\Global\Yoshi</Filter>
    </ClCompile>
    <ClCompile Include="YoshiState.cpp">
      <Filter>Contents\Global\Yoshi</Filter>
    </ClCompile>
    <ClCompile Include="Title.cpp">
      <Filter>Contents\Level</Filter>
    </ClCompile>
    <ClCompile Include="TitleGameMode.cpp">
      <Filter>Contents\GameMode</Filter>
    </ClCompile>
    <ClCompile Include="Select.cpp">
      <Filter>Contents\Level</Filter>
    </ClCompile>
    <ClCompile Include="SelectGameMode.cpp">
      <Filter>Contents\GameMode</Filter>
    </ClCompile>
    <ClCompile Include="Stage100GameMode.cpp">
      <Filter>Contents\GameMode\Stage100</Filter>
    </ClCompile>
    <ClCompile Include="Stage100.cpp">
      <Filter>Contents\Level\Stage100</Filter>
    </ClCompile>
    <ClCompile Include="Stage101.cpp">
      <Filter>Contents\Level\Stage100</Filter>
    </ClCompile>
    <ClCompile Include="Stage101GameMode.cpp">
      <Filter>Contents\GameMode\Stage100</Filter>
    </ClCompile>
    <ClCompile Include="Stage102.cpp">
      <Filter>Contents\Level\Stage100</Filter>
    </ClCompile>
    <ClCompile Include="Stage102GameMode.cpp">
      <Filter>Contents\GameMode\Stage100</Filter>
    </ClCompile>
  </ItemGroup>
  <ItemGroup>
    <Filter Include="PreCompile">
      <UniqueIdentifier>{0e639d6b-dd79-4b82-a1d6-39820d4d38f5}</UniqueIdentifier>
    </Filter>
    <Filter Include="Core">
      <UniqueIdentifier>{203ae949-830f-4d35-b47e-ffd0948db026}</UniqueIdentifier>
    </Filter>
    <Filter Include="Contents">
      <UniqueIdentifier>{33f97681-46c5-4e9b-b619-cac86b0d1feb}</UniqueIdentifier>
    </Filter>
    <Filter Include="Contents\GameMode">
      <UniqueIdentifier>{89d8afdb-c516-454e-b69a-e5619ca2e598}</UniqueIdentifier>
    </Filter>
    <Filter Include="Contents\Level">
      <UniqueIdentifier>{143e156c-ef76-4b89-a788-24bcd2e1cfcd}</UniqueIdentifier>
    </Filter>
    <Filter Include="Contents\Global">
      <UniqueIdentifier>{38e2e770-9952-4a1f-bfa2-f4d151fc65c4}</UniqueIdentifier>
    </Filter>
    <Filter Include="Contents\Global\Yoshi">
      <UniqueIdentifier>{7b16824f-3b61-4122-a045-896968756743}</UniqueIdentifier>
    </Filter>
    <Filter Include="Global">
      <UniqueIdentifier>{f2cd59ec-fedb-4106-a60f-346750907a2d}</UniqueIdentifier>
    </Filter>
    <Filter Include="Contents\GameMode\Stage100">
      <UniqueIdentifier>{37ea3f83-1e84-47d6-9ca3-e49f2dcbc7e9}</UniqueIdentifier>
    </Filter>
    <Filter Include="Contents\Level\Stage100">
      <UniqueIdentifier>{ee7dab8a-0846-4526-99c3-e09da3f1b10c}</UniqueIdentifier>
    </Filter>
  </ItemGroup>
</Project>