<?xml version="1.0" encoding="utf-8"?>
<Project ToolsVersion="4.0" xmlns="http://schemas.microsoft.com/developer/msbuild/2003">
  <ItemGroup>
    <ClInclude Include="PreCompile.h">
      <Filter>PreCompile</Filter>
    </ClInclude>
    <ClInclude Include="ContentsCore.h">
      <Filter>Core</Filter>
    </ClInclude>
    <ClInclude Include="TitleGameMode.h">
      <Filter>GameMode</Filter>
    </ClInclude>
    <ClInclude Include="Title.h">
      <Filter>Level\Title</Filter>
    </ClInclude>
    <ClInclude Include="Stage.h">
      <Filter>Level\Stage</Filter>
    </ClInclude>
    <ClInclude Include="Stage101GameMode.h">
      <Filter>GameMode</Filter>
    </ClInclude>
    <ClInclude Include="Yoshi.h">
      <Filter>Global</Filter>
    </ClInclude>
  </ItemGroup>
  <ItemGroup>
    <ClCompile Include="PreCompile.cpp">
      <Filter>PreCompile</Filter>
    </ClCompile>
    <ClCompile Include="ContentsCore.cpp">
      <Filter>Core</Filter>
    </ClCompile>
    <ClCompile Include="TitleGameMode.cpp">
      <Filter>GameMode</Filter>
    </ClCompile>
    <ClCompile Include="Title.cpp">
      <Filter>Level\Title</Filter>
    </ClCompile>
    <ClCompile Include="Stage.cpp">
      <Filter>Level\Stage</Filter>
    </ClCompile>
    <ClCompile Include="Stage101GameMode.cpp">
      <Filter>GameMode</Filter>
    </ClCompile>
    <ClCompile Include="Yoshi.cpp">
      <Filter>Global</Filter>
    </ClCompile>
  </ItemGroup>
  <ItemGroup>
    <Filter Include="PreCompile">
      <UniqueIdentifier>{0e639d6b-dd79-4b82-a1d6-39820d4d38f5}</UniqueIdentifier>
    </Filter>
    <Filter Include="Core">
      <UniqueIdentifier>{203ae949-830f-4d35-b47e-ffd0948db026}</UniqueIdentifier>
    </Filter>
    <Filter Include="GameMode">
      <UniqueIdentifier>{89d8afdb-c516-454e-b69a-e5619ca2e598}</UniqueIdentifier>
    </Filter>
    <Filter Include="Level">
      <UniqueIdentifier>{33f97681-46c5-4e9b-b619-cac86b0d1feb}</UniqueIdentifier>
    </Filter>
    <Filter Include="Level\Title">
      <UniqueIdentifier>{0c62a773-82ed-44d6-a453-71c80bc823b6}</UniqueIdentifier>
    </Filter>
    <Filter Include="Level\Stage">
      <UniqueIdentifier>{2b6a8cc6-9892-4ec8-b1bf-84fa26797464}</UniqueIdentifier>
    </Filter>
    <Filter Include="Global">
      <UniqueIdentifier>{38e2e770-9952-4a1f-bfa2-f4d151fc65c4}</UniqueIdentifier>
    </Filter>
  </ItemGroup>
</Project>