
Microsoft Visual Studio Solution File, Format Version 12.00
# Visual Studio Version 17
VisualStudioVersion = 17.12.35527.113
MinimumVisualStudioVersion = 10.0.40219.1
Project("{8BC9CEB8-8B4A-11D0-8D11-00A0C91BC942}") = "App", "App\App.vcxproj", "{E71DB04B-07B7-4B3A-BA7C-DC2535648E29}"
	ProjectSection(ProjectDependencies) = postProject
		{1941EF05-8AED-40EF-981A-3BB2CDB5F37D} = {1941EF05-8AED-40EF-981A-3BB2CDB5F37D}
		{27659CB1-F82B-4FB2-BF7C-0D1C6B0F1C4C} = {27659CB1-F82B-4FB2-BF7C-0D1C6B0F1C4C}
		{610CA2BA-74C3-48D6-A722-622ACEFEFC6F} = {610CA2BA-74C3-48D6-A722-622ACEFEFC6F}
		{DFB21BF1-049F-4130-9765-71B7E8E9403C} = {DFB21BF1-049F-4130-9765-71B7E8E9403C}
	EndProjectSection
EndProject
Project("{2150E333-8FDC-42A3-9474-1A3956D46DE8}") = "Level4", "Level4", "{13C983B4-76FD-4E27-81BC-674F4FE26D14}"
EndProject
Project("{2150E333-8FDC-42A3-9474-1A3956D46DE8}") = "Level0", "Level0", "{1F4F354E-8E14-42E6-96BC-25C1C0B765DF}"
EndProject
Project("{8BC9CEB8-8B4A-11D0-8D11-00A0C91BC942}") = "EngineBase", "EngineBase\EngineBase.vcxproj", "{27659CB1-F82B-4FB2-BF7C-0D1C6B0F1C4C}"
EndProject
Project("{2150E333-8FDC-42A3-9474-1A3956D46DE8}") = "Level1", "Level1", "{AD4AA35D-76E1-489E-9E3B-C926C49799BB}"
EndProject
Project("{2150E333-8FDC-42A3-9474-1A3956D46DE8}") = "Level2", "Level2", "{2746C575-AA4F-4463-B432-6E9EBB678DD1}"
EndProject
Project("{2150E333-8FDC-42A3-9474-1A3956D46DE8}") = "Level3", "Level3", "{3CB1501C-B5DE-4C3E-AE62-8D4575E77C90}"
EndProject
Project("{8BC9CEB8-8B4A-11D0-8D11-00A0C91BC942}") = "EngineCore", "EngineCore\EngineCore.vcxproj", "{610CA2BA-74C3-48D6-A722-622ACEFEFC6F}"
	ProjectSection(ProjectDependencies) = postProject
		{27659CB1-F82B-4FB2-BF7C-0D1C6B0F1C4C} = {27659CB1-F82B-4FB2-BF7C-0D1C6B0F1C4C}
		{DFB21BF1-049F-4130-9765-71B7E8E9403C} = {DFB21BF1-049F-4130-9765-71B7E8E9403C}
	EndProjectSection
EndProject
Project("{8BC9CEB8-8B4A-11D0-8D11-00A0C91BC942}") = "EnginePlatform", "EnginePlatform\EnginePlatform.vcxproj", "{DFB21BF1-049F-4130-9765-71B7E8E9403C}"
	ProjectSection(ProjectDependencies) = postProject
		{27659CB1-F82B-4FB2-BF7C-0D1C6B0F1C4C} = {27659CB1-F82B-4FB2-BF7C-0D1C6B0F1C4C}
	EndProjectSection
EndProject
Project("{8BC9CEB8-8B4A-11D0-8D11-00A0C91BC942}") = "EngineContents", "EngineContents\EngineContents.vcxproj", "{1941EF05-8AED-40EF-981A-3BB2CDB5F37D}"
	ProjectSection(ProjectDependencies) = postProject
		{27659CB1-F82B-4FB2-BF7C-0D1C6B0F1C4C} = {27659CB1-F82B-4FB2-BF7C-0D1C6B0F1C4C}
		{610CA2BA-74C3-48D6-A722-622ACEFEFC6F} = {610CA2BA-74C3-48D6-A722-622ACEFEFC6F}
		{DFB21BF1-049F-4130-9765-71B7E8E9403C} = {DFB21BF1-049F-4130-9765-71B7E8E9403C}
	EndProjectSection
EndProject
Project("{8BC9CEB8-8B4A-11D0-8D11-00A0C91BC942}") = "EngineShader", "EngineShader\EngineShader.vcxproj", "{EC9ED5FB-5E22-4475-AD14-31B80E20A3F1}"
EndProject
Global
	GlobalSection(SolutionConfigurationPlatforms) = preSolution
		Debug|x64 = Debug|x64
		Debug|x86 = Debug|x86
		Release|x64 = Release|x64
		Release|x86 = Release|x86
	EndGlobalSection
	GlobalSection(ProjectConfigurationPlatforms) = postSolution
		{E71DB04B-07B7-4B3A-BA7C-DC2535648E29}.Debug|x64.ActiveCfg = Debug|x64
		{E71DB04B-07B7-4B3A-BA7C-DC2535648E29}.Debug|x64.Build.0 = Debug|x64
		{E71DB04B-07B7-4B3A-BA7C-DC2535648E29}.Debug|x86.ActiveCfg = Debug|Win32
		{E71DB04B-07B7-4B3A-BA7C-DC2535648E29}.Debug|x86.Build.0 = Debug|Win32
		{E71DB04B-07B7-4B3A-BA7C-DC2535648E29}.Release|x64.ActiveCfg = Release|x64
		{E71DB04B-07B7-4B3A-BA7C-DC2535648E29}.Release|x64.Build.0 = Release|x64
		{E71DB04B-07B7-4B3A-BA7C-DC2535648E29}.Release|x86.ActiveCfg = Release|Win32
		{E71DB04B-07B7-4B3A-BA7C-DC2535648E29}.Release|x86.Build.0 = Release|Win32
		{27659CB1-F82B-4FB2-BF7C-0D1C6B0F1C4C}.Debug|x64.ActiveCfg = Debug|x64
		{27659CB1-F82B-4FB2-BF7C-0D1C6B0F1C4C}.Debug|x64.Build.0 = Debug|x64
		{27659CB1-F82B-4FB2-BF7C-0D1C6B0F1C4C}.Debug|x86.ActiveCfg = Debug|Win32
		{27659CB1-F82B-4FB2-BF7C-0D1C6B0F1C4C}.Debug|x86.Build.0 = Debug|Win32
		{27659CB1-F82B-4FB2-BF7C-0D1C6B0F1C4C}.Release|x64.ActiveCfg = Release|x64
		{27659CB1-F82B-4FB2-BF7C-0D1C6B0F1C4C}.Release|x64.Build.0 = Release|x64
		{27659CB1-F82B-4FB2-BF7C-0D1C6B0F1C4C}.Release|x86.ActiveCfg = Release|Win32
		{27659CB1-F82B-4FB2-BF7C-0D1C6B0F1C4C}.Release|x86.Build.0 = Release|Win32
		{610CA2BA-74C3-48D6-A722-622ACEFEFC6F}.Debug|x64.ActiveCfg = Debug|x64
		{610CA2BA-74C3-48D6-A722-622ACEFEFC6F}.Debug|x64.Build.0 = Debug|x64
		{610CA2BA-74C3-48D6-A722-622ACEFEFC6F}.Debug|x86.ActiveCfg = Debug|Win32
		{610CA2BA-74C3-48D6-A722-622ACEFEFC6F}.Debug|x86.Build.0 = Debug|Win32
		{610CA2BA-74C3-48D6-A722-622ACEFEFC6F}.Release|x64.ActiveCfg = Release|x64
		{610CA2BA-74C3-48D6-A722-622ACEFEFC6F}.Release|x64.Build.0 = Release|x64
		{610CA2BA-74C3-48D6-A722-622ACEFEFC6F}.Release|x86.ActiveCfg = Release|Win32
		{610CA2BA-74C3-48D6-A722-622ACEFEFC6F}.Release|x86.Build.0 = Release|Win32
		{DFB21BF1-049F-4130-9765-71B7E8E9403C}.Debug|x64.ActiveCfg = Debug|x64
		{DFB21BF1-049F-4130-9765-71B7E8E9403C}.Debug|x64.Build.0 = Debug|x64
		{DFB21BF1-049F-4130-9765-71B7E8E9403C}.Debug|x86.ActiveCfg = Debug|Win32
		{DFB21BF1-049F-4130-9765-71B7E8E9403C}.Debug|x86.Build.0 = Debug|Win32
		{DFB21BF1-049F-4130-9765-71B7E8E9403C}.Release|x64.ActiveCfg = Release|x64
		{DFB21BF1-049F-4130-9765-71B7E8E9403C}.Release|x64.Build.0 = Release|x64
		{DFB21BF1-049F-4130-9765-71B7E8E9403C}.Release|x86.ActiveCfg = Release|Win32
		{DFB21BF1-049F-4130-9765-71B7E8E9403C}.Release|x86.Build.0 = Release|Win32
		{1941EF05-8AED-40EF-981A-3BB2CDB5F37D}.Debug|x64.ActiveCfg = Debug|x64
		{1941EF05-8AED-40EF-981A-3BB2CDB5F37D}.Debug|x64.Build.0 = Debug|x64
		{1941EF05-8AED-40EF-981A-3BB2CDB5F37D}.Debug|x86.ActiveCfg = Debug|Win32
		{1941EF05-8AED-40EF-981A-3BB2CDB5F37D}.Debug|x86.Build.0 = Debug|Win32
		{1941EF05-8AED-40EF-981A-3BB2CDB5F37D}.Release|x64.ActiveCfg = Release|x64
		{1941EF05-8AED-40EF-981A-3BB2CDB5F37D}.Release|x64.Build.0 = Release|x64
		{1941EF05-8AED-40EF-981A-3BB2CDB5F37D}.Release|x86.ActiveCfg = Release|Win32
		{1941EF05-8AED-40EF-981A-3BB2CDB5F37D}.Release|x86.Build.0 = Release|Win32
		{EC9ED5FB-5E22-4475-AD14-31B80E20A3F1}.Debug|x64.ActiveCfg = Debug|x64
		{EC9ED5FB-5E22-4475-AD14-31B80E20A3F1}.Debug|x64.Build.0 = Debug|x64
		{EC9ED5FB-5E22-4475-AD14-31B80E20A3F1}.Debug|x86.ActiveCfg = Debug|Win32
		{EC9ED5FB-5E22-4475-AD14-31B80E20A3F1}.Debug|x86.Build.0 = Debug|Win32
		{EC9ED5FB-5E22-4475-AD14-31B80E20A3F1}.Release|x64.ActiveCfg = Release|x64
		{EC9ED5FB-5E22-4475-AD14-31B80E20A3F1}.Release|x64.Build.0 = Release|x64
		{EC9ED5FB-5E22-4475-AD14-31B80E20A3F1}.Release|x86.ActiveCfg = Release|Win32
		{EC9ED5FB-5E22-4475-AD14-31B80E20A3F1}.Release|x86.Build.0 = Release|Win32
	EndGlobalSection
	GlobalSection(SolutionProperties) = preSolution
		HideSolutionNode = FALSE
	EndGlobalSection
	GlobalSection(NestedProjects) = preSolution
		{E71DB04B-07B7-4B3A-BA7C-DC2535648E29} = {13C983B4-76FD-4E27-81BC-674F4FE26D14}
		{27659CB1-F82B-4FB2-BF7C-0D1C6B0F1C4C} = {1F4F354E-8E14-42E6-96BC-25C1C0B765DF}
		{610CA2BA-74C3-48D6-A722-622ACEFEFC6F} = {2746C575-AA4F-4463-B432-6E9EBB678DD1}
		{DFB21BF1-049F-4130-9765-71B7E8E9403C} = {AD4AA35D-76E1-489E-9E3B-C926C49799BB}
		{1941EF05-8AED-40EF-981A-3BB2CDB5F37D} = {3CB1501C-B5DE-4C3E-AE62-8D4575E77C90}
		{EC9ED5FB-5E22-4475-AD14-31B80E20A3F1} = {2746C575-AA4F-4463-B432-6E9EBB678DD1}
	EndGlobalSection
EndGlobal
